
Microsoft Visual Studio Solution File, Format Version 12.00
# Visual Studio Version 17
VisualStudioVersion = 17.5.33414.496
MinimumVisualStudioVersion = 10.0.40219.1
Project("{FAE04EC0-301F-11D3-BF4B-00C04F79EFBC}") = "JURNAL_MOD8_1302210033", "JURNAL_MOD8_1302210033\JURNAL_MOD8_1302210033.csproj", "{B88836B7-3E81-4454-AD5E-CFD473CD6FB5}"
EndProject
Global
	GlobalSection(SolutionConfigurationPlatforms) = preSolution
		Debug|Any CPU = Debug|Any CPU
		Release|Any CPU = Release|Any CPU
	EndGlobalSection
	GlobalSection(ProjectConfigurationPlatforms) = postSolution
		{B88836B7-3E81-4454-AD5E-CFD473CD6FB5}.Debug|Any CPU.ActiveCfg = Debug|Any CPU
		{B88836B7-3E81-4454-AD5E-CFD473CD6FB5}.Debug|Any CPU.Build.0 = Debug|Any CPU
		{B88836B7-3E81-4454-AD5E-CFD473CD6FB5}.Release|Any CPU.ActiveCfg = Release|Any CPU
		{B88836B7-3E81-4454-AD5E-CFD473CD6FB5}.Release|Any CPU.Build.0 = Release|Any CPU
	EndGlobalSection
	GlobalSection(SolutionProperties) = preSolution
		HideSolutionNode = FALSE
	EndGlobalSection
	GlobalSection(ExtensibilityGlobals) = postSolution
		SolutionGuid = {23512A39-9B4A-4F23-A102-781C2EFFF601}
	EndGlobalSection
EndGlobal
